# THIS IS AN AUTOGENERATED FILE. DO NOT EDIT THIS FILE DIRECTLY.
# yarn lockfile v1


node-bin-setup@^1.0.0:
  version "1.1.3"
  resolved "https://registry.yarnpkg.com/node-bin-setup/-/node-bin-setup-1.1.3.tgz#d45d5220e3b2ecc3a94263a56116f727f6c1bb14"
  integrity sha512-opgw9iSCAzT2+6wJOETCpeRYAQxSopqQ2z+N6BXwIMsQQ7Zj5M8MaafQY8JMlolRR6R1UXg2WmhKp0p9lSOivg==

node@^18.20.5:
  version "18.20.5"
  resolved "https://registry.yarnpkg.com/node/-/node-18.20.5.tgz#8d9e316dc837d04170f7c70644b23f4d91104dce"
  integrity sha512-v4kVqf+wQAEGAODwH6GZLH8ur8gCcGESjO1lpfgIEMT4DzU4XgYhnq4yJ5sNwO7MTsxTG9m66vMjVzRf/4Okqg==
  dependencies:
    node-bin-setup "^1.0.0"
